// !$*UTF8*$!
{
	archiveVersion = 1;
	classes = {
	};
	objectVersion = 50;
	objects = {

/* Begin PBXBuildFile section */
		785D50452523A5310041DFB2 /* ConversationListPresenter.swift in Sources */ = {isa = PBXBuildFile; fileRef = 785D50442523A5310041DFB2 /* ConversationListPresenter.swift */; };
		785D50482523A7300041DFB2 /* ConversationPresenter.swift in Sources */ = {isa = PBXBuildFile; fileRef = 785D50472523A7300041DFB2 /* ConversationPresenter.swift */; };
		785D504C2523A7EC0041DFB2 /* ConversationDataSource.swift in Sources */ = {isa = PBXBuildFile; fileRef = 785D504B2523A7EC0041DFB2 /* ConversationDataSource.swift */; };
		785D504F2523BDA20041DFB2 /* ModalPresentationController.swift in Sources */ = {isa = PBXBuildFile; fileRef = 785D504E2523BDA20041DFB2 /* ModalPresentationController.swift */; };
		785D50522523BF320041DFB2 /* ModalPresentationTransition.swift in Sources */ = {isa = PBXBuildFile; fileRef = 785D50512523BF320041DFB2 /* ModalPresentationTransition.swift */; };
		785D50562523C1320041DFB2 /* ModalPresentationDriven.swift in Sources */ = {isa = PBXBuildFile; fileRef = 785D50552523C1320041DFB2 /* ModalPresentationDriven.swift */; };
		785D505B2523C1B70041DFB2 /* ModalPresentationDismissAnimation.swift in Sources */ = {isa = PBXBuildFile; fileRef = 785D505A2523C1B70041DFB2 /* ModalPresentationDismissAnimation.swift */; };
		785D505F2523C22E0041DFB2 /* ModalPresentationPresentAnimation.swift in Sources */ = {isa = PBXBuildFile; fileRef = 785D505E2523C22E0041DFB2 /* ModalPresentationPresentAnimation.swift */; };
		785D5084252A16100041DFB2 /* Themes.storyboard in Resources */ = {isa = PBXBuildFile; fileRef = 785D5083252A16100041DFB2 /* Themes.storyboard */; };
		78676AFE252270B8003BB917 /* MessageViewCell.swift in Sources */ = {isa = PBXBuildFile; fileRef = 78676AFD252270B8003BB917 /* MessageViewCell.swift */; };
		786FF9392517B96200F3DC6F /* ProfileViewController.swift in Sources */ = {isa = PBXBuildFile; fileRef = 786FF9382517B96200F3DC6F /* ProfileViewController.swift */; };
		786FF93D2517C3F900F3DC6F /* AppCoordinator.swift in Sources */ = {isa = PBXBuildFile; fileRef = 786FF93C2517C3F900F3DC6F /* AppCoordinator.swift */; };
		786FF9422517CCAC00F3DC6F /* Fonts.swift in Sources */ = {isa = PBXBuildFile; fileRef = 786FF9412517CCAC00F3DC6F /* Fonts.swift */; };
		786FF9462517CEBA00F3DC6F /* SF-Pro-Display-Bold.otf in Resources */ = {isa = PBXBuildFile; fileRef = 786FF9452517CEBA00F3DC6F /* SF-Pro-Display-Bold.otf */; };
		786FF9482517CEE900F3DC6F /* SF-Pro-Text-Regular.otf in Resources */ = {isa = PBXBuildFile; fileRef = 786FF9472517CEE900F3DC6F /* SF-Pro-Text-Regular.otf */; };
		786FF94A2517D0AF00F3DC6F /* SF-Pro-Text-Semibold.otf in Resources */ = {isa = PBXBuildFile; fileRef = 786FF9492517D0AE00F3DC6F /* SF-Pro-Text-Semibold.otf */; };
		786FF94C2517D13100F3DC6F /* ProfileModel.swift in Sources */ = {isa = PBXBuildFile; fileRef = 786FF94B2517D13100F3DC6F /* ProfileModel.swift */; };
		786FF965251A792A00F3DC6F /* Command.swift in Sources */ = {isa = PBXBuildFile; fileRef = 786FF964251A792A00F3DC6F /* Command.swift */; };
		786FF969251A79F000F3DC6F /* ProfilePresenter.swift in Sources */ = {isa = PBXBuildFile; fileRef = 786FF968251A79F000F3DC6F /* ProfilePresenter.swift */; };
		786FF96C251A7FE600F3DC6F /* NSNotification+extension.swift in Sources */ = {isa = PBXBuildFile; fileRef = 786FF96B251A7FE600F3DC6F /* NSNotification+extension.swift */; };
		786FF96E251A81EA00F3DC6F /* UserConfiguration.swift in Sources */ = {isa = PBXBuildFile; fileRef = 786FF96D251A81EA00F3DC6F /* UserConfiguration.swift */; };
		786FF971251A899200F3DC6F /* ProfileTextVerification.swift in Sources */ = {isa = PBXBuildFile; fileRef = 786FF970251A899200F3DC6F /* ProfileTextVerification.swift */; };
		786FF976251BC80B00F3DC6F /* InitialsView.swift in Sources */ = {isa = PBXBuildFile; fileRef = 786FF975251BC80B00F3DC6F /* InitialsView.swift */; };
		787EEE79251BDA6E00CA6D0F /* ImageSource.swift in Sources */ = {isa = PBXBuildFile; fileRef = 787EEE78251BDA6E00CA6D0F /* ImageSource.swift */; };
		787EEE822520FB0900CA6D0F /* ConfigurableView.swift in Sources */ = {isa = PBXBuildFile; fileRef = 787EEE812520FB0900CA6D0F /* ConfigurableView.swift */; };
		787EEE852520FB8500CA6D0F /* ConversationList.storyboard in Resources */ = {isa = PBXBuildFile; fileRef = 787EEE842520FB8500CA6D0F /* ConversationList.storyboard */; };
		787EEE872520FB9300CA6D0F /* ConversationListViewController.swift in Sources */ = {isa = PBXBuildFile; fileRef = 787EEE862520FB9300CA6D0F /* ConversationListViewController.swift */; };
		787EEE8A2520FD4F00CA6D0F /* BaseViewController.swift in Sources */ = {isa = PBXBuildFile; fileRef = 787EEE892520FD4F00CA6D0F /* BaseViewController.swift */; };
		787EEE8D2521000E00CA6D0F /* AvatarView.swift in Sources */ = {isa = PBXBuildFile; fileRef = 787EEE8C2521000E00CA6D0F /* AvatarView.swift */; };
		787EEE9125210A4000CA6D0F /* ConversationViewCell.swift in Sources */ = {isa = PBXBuildFile; fileRef = 787EEE8F25210A4000CA6D0F /* ConversationViewCell.swift */; };
		787EEE9225210A4000CA6D0F /* ConversationViewCell.xib in Resources */ = {isa = PBXBuildFile; fileRef = 787EEE9025210A4000CA6D0F /* ConversationViewCell.xib */; };
		787EEE942521137B00CA6D0F /* DateConverter.swift in Sources */ = {isa = PBXBuildFile; fileRef = 787EEE932521137B00CA6D0F /* DateConverter.swift */; };
		787EEE962521206C00CA6D0F /* ConversationListDataSource.swift in Sources */ = {isa = PBXBuildFile; fileRef = 787EEE952521206C00CA6D0F /* ConversationListDataSource.swift */; };
		787EEE98252120A100CA6D0F /* ConversationsListModel.swift in Sources */ = {isa = PBXBuildFile; fileRef = 787EEE97252120A100CA6D0F /* ConversationsListModel.swift */; };
		787EEE9B2522517C00CA6D0F /* ConversationViewController.swift in Sources */ = {isa = PBXBuildFile; fileRef = 787EEE9A2522517C00CA6D0F /* ConversationViewController.swift */; };
		787EEE9D252253F100CA6D0F /* Conversation.storyboard in Resources */ = {isa = PBXBuildFile; fileRef = 787EEE9C252253F100CA6D0F /* Conversation.storyboard */; };
		787EEEA02522572100CA6D0F /* MessageInputView.swift in Sources */ = {isa = PBXBuildFile; fileRef = 787EEE9F2522572100CA6D0F /* MessageInputView.swift */; };
		787EEEA22522573300CA6D0F /* MessageInputView.xib in Resources */ = {isa = PBXBuildFile; fileRef = 787EEEA12522573300CA6D0F /* MessageInputView.xib */; };
		78DFB64A250D4653006A6F3C /* AppDelegate.swift in Sources */ = {isa = PBXBuildFile; fileRef = 78DFB649250D4653006A6F3C /* AppDelegate.swift */; };
		78DFB651250D4653006A6F3C /* Profile.storyboard in Resources */ = {isa = PBXBuildFile; fileRef = 78DFB64F250D4653006A6F3C /* Profile.storyboard */; };
		78DFB653250D4657006A6F3C /* Assets.xcassets in Resources */ = {isa = PBXBuildFile; fileRef = 78DFB652250D4657006A6F3C /* Assets.xcassets */; };
		78DFB656250D4657006A6F3C /* LaunchScreen.storyboard in Resources */ = {isa = PBXBuildFile; fileRef = 78DFB654250D4657006A6F3C /* LaunchScreen.storyboard */; };
		78DFB65E250D4D87006A6F3C /* Logger.swift in Sources */ = {isa = PBXBuildFile; fileRef = 78DFB65D250D4D87006A6F3C /* Logger.swift */; };
		78DFB661250D4F67006A6F3C /* EnvironmentVariables.swift in Sources */ = {isa = PBXBuildFile; fileRef = 78DFB660250D4F67006A6F3C /* EnvironmentVariables.swift */; };
		78F76E13252A21390064D0B7 /* ThemesViewController.swift in Sources */ = {isa = PBXBuildFile; fileRef = 78F76E12252A21390064D0B7 /* ThemesViewController.swift */; };
		78F76E16252A286E0064D0B7 /* Colors.swift in Sources */ = {isa = PBXBuildFile; fileRef = 78F76E15252A286E0064D0B7 /* Colors.swift */; };
		78F76E1A252A2F320064D0B7 /* ThemeView.swift in Sources */ = {isa = PBXBuildFile; fileRef = 78F76E19252A2F320064D0B7 /* ThemeView.swift */; };
		78F76E1F252A3C4E0064D0B7 /* BaseUIView.swift in Sources */ = {isa = PBXBuildFile; fileRef = 78F76E1E252A3C4D0064D0B7 /* BaseUIView.swift */; };
		78F76E22252A3E6E0064D0B7 /* BaseTableViewCell.swift in Sources */ = {isa = PBXBuildFile; fileRef = 78F76E21252A3E6E0064D0B7 /* BaseTableViewCell.swift */; };
		78F76E26252A42D60064D0B7 /* AppContainer.swift in Sources */ = {isa = PBXBuildFile; fileRef = 78F76E25252A42D60064D0B7 /* AppContainer.swift */; };
		78F76E2A252A46670064D0B7 /* ThemesPresenter.swift in Sources */ = {isa = PBXBuildFile; fileRef = 78F76E29252A46670064D0B7 /* ThemesPresenter.swift */; };
		78F76E2D252A46800064D0B7 /* ThemesModel.swift in Sources */ = {isa = PBXBuildFile; fileRef = 78F76E2C252A46800064D0B7 /* ThemesModel.swift */; };
		78F76E34252A60190064D0B7 /* BaseNavigationController.swift in Sources */ = {isa = PBXBuildFile; fileRef = 78F76E33252A60190064D0B7 /* BaseNavigationController.swift */; };
		78F76E37252B8BF70064D0B7 /* ColorThemesManager.swift in Sources */ = {isa = PBXBuildFile; fileRef = 78F76E36252B8BF70064D0B7 /* ColorThemesManager.swift */; };
		78F76E40252CEE890064D0B7 /* AlertController.swift in Sources */ = {isa = PBXBuildFile; fileRef = 78F76E3E252CEE890064D0B7 /* AlertController.swift */; };
		78F76E41252CEE890064D0B7 /* AlertController.xib in Resources */ = {isa = PBXBuildFile; fileRef = 78F76E3F252CEE890064D0B7 /* AlertController.xib */; };
		78F76E47252CEEE30064D0B7 /* AlertTitleCell.swift in Sources */ = {isa = PBXBuildFile; fileRef = 78F76E45252CEEE30064D0B7 /* AlertTitleCell.swift */; };
		78F76E48252CEEE30064D0B7 /* AlertTitleCell.xib in Resources */ = {isa = PBXBuildFile; fileRef = 78F76E46252CEEE30064D0B7 /* AlertTitleCell.xib */; };
		78F76E53252CF0370064D0B7 /* AlertActionCell.swift in Sources */ = {isa = PBXBuildFile; fileRef = 78F76E51252CF0370064D0B7 /* AlertActionCell.swift */; };
		78F76E54252CF0370064D0B7 /* AlertActionCell.xib in Resources */ = {isa = PBXBuildFile; fileRef = 78F76E52252CF0370064D0B7 /* AlertActionCell.xib */; };
		78F76E57252CF14A0064D0B7 /* AlertCellModel.swift in Sources */ = {isa = PBXBuildFile; fileRef = 78F76E56252CF14A0064D0B7 /* AlertCellModel.swift */; };
		78F76E5B252CF2500064D0B7 /* AlertCellProtocol.swift in Sources */ = {isa = PBXBuildFile; fileRef = 78F76E5A252CF2500064D0B7 /* AlertCellProtocol.swift */; };
		78F76E5E252CF9290064D0B7 /* AlertPresentationController.swift in Sources */ = {isa = PBXBuildFile; fileRef = 78F76E5D252CF9290064D0B7 /* AlertPresentationController.swift */; };
		78F76E62252CFC700064D0B7 /* AlertTransition.swift in Sources */ = {isa = PBXBuildFile; fileRef = 78F76E61252CFC700064D0B7 /* AlertTransition.swift */; };
		78F76E68252E391A0064D0B7 /* SearchViewCell.swift in Sources */ = {isa = PBXBuildFile; fileRef = 78F76E66252E391A0064D0B7 /* SearchViewCell.swift */; };
		78F76E69252E391A0064D0B7 /* SearchViewCell.xib in Resources */ = {isa = PBXBuildFile; fileRef = 78F76E67252E391A0064D0B7 /* SearchViewCell.xib */; };
		78F76E9125335CC30064D0B7 /* ProfileDataSourceProtocol.swift in Sources */ = {isa = PBXBuildFile; fileRef = 78F76E9025335CC30064D0B7 /* ProfileDataSourceProtocol.swift */; };
		78F76E9425335F9F0064D0B7 /* GCDProfileDataSource.swift in Sources */ = {isa = PBXBuildFile; fileRef = 78F76E9325335F9F0064D0B7 /* GCDProfileDataSource.swift */; };
		78F76E972533604D0064D0B7 /* AppFileManager.swift in Sources */ = {isa = PBXBuildFile; fileRef = 78F76E962533604D0064D0B7 /* AppFileManager.swift */; };
		78F76E9A2533643B0064D0B7 /* Error.swift in Sources */ = {isa = PBXBuildFile; fileRef = 78F76E992533643B0064D0B7 /* Error.swift */; };
		78F76E9E253367930064D0B7 /* SaveDataOperation.swift in Sources */ = {isa = PBXBuildFile; fileRef = 78F76E9D253367930064D0B7 /* SaveDataOperation.swift */; };
		78F76EA2253369220064D0B7 /* LoadDataOperation.swift in Sources */ = {isa = PBXBuildFile; fileRef = 78F76EA1253369220064D0B7 /* LoadDataOperation.swift */; };
		78F76EA6253369810064D0B7 /* OperationProfileDataSource.swift in Sources */ = {isa = PBXBuildFile; fileRef = 78F76EA5253369810064D0B7 /* OperationProfileDataSource.swift */; };
		78F76EAE25337C8A0064D0B7 /* ProfileCoordinator.swift in Sources */ = {isa = PBXBuildFile; fileRef = 78F76EAD25337C8A0064D0B7 /* ProfileCoordinator.swift */; };
/* End PBXBuildFile section */

/* Begin PBXFileReference section */
		785D50442523A5310041DFB2 /* ConversationListPresenter.swift */ = {isa = PBXFileReference; lastKnownFileType = sourcecode.swift; path = ConversationListPresenter.swift; sourceTree = "<group>"; };
		785D50472523A7300041DFB2 /* ConversationPresenter.swift */ = {isa = PBXFileReference; lastKnownFileType = sourcecode.swift; path = ConversationPresenter.swift; sourceTree = "<group>"; };
		785D504B2523A7EC0041DFB2 /* ConversationDataSource.swift */ = {isa = PBXFileReference; lastKnownFileType = sourcecode.swift; path = ConversationDataSource.swift; sourceTree = "<group>"; };
		785D504E2523BDA20041DFB2 /* ModalPresentationController.swift */ = {isa = PBXFileReference; lastKnownFileType = sourcecode.swift; path = ModalPresentationController.swift; sourceTree = "<group>"; };
		785D50512523BF320041DFB2 /* ModalPresentationTransition.swift */ = {isa = PBXFileReference; lastKnownFileType = sourcecode.swift; path = ModalPresentationTransition.swift; sourceTree = "<group>"; };
		785D50552523C1320041DFB2 /* ModalPresentationDriven.swift */ = {isa = PBXFileReference; lastKnownFileType = sourcecode.swift; path = ModalPresentationDriven.swift; sourceTree = "<group>"; };
		785D505A2523C1B70041DFB2 /* ModalPresentationDismissAnimation.swift */ = {isa = PBXFileReference; lastKnownFileType = sourcecode.swift; path = ModalPresentationDismissAnimation.swift; sourceTree = "<group>"; };
		785D505E2523C22E0041DFB2 /* ModalPresentationPresentAnimation.swift */ = {isa = PBXFileReference; lastKnownFileType = sourcecode.swift; path = ModalPresentationPresentAnimation.swift; sourceTree = "<group>"; };
		785D5083252A16100041DFB2 /* Themes.storyboard */ = {isa = PBXFileReference; lastKnownFileType = file.storyboard; path = Themes.storyboard; sourceTree = "<group>"; };
		78676AFD252270B8003BB917 /* MessageViewCell.swift */ = {isa = PBXFileReference; lastKnownFileType = sourcecode.swift; path = MessageViewCell.swift; sourceTree = "<group>"; };
		786FF9382517B96200F3DC6F /* ProfileViewController.swift */ = {isa = PBXFileReference; lastKnownFileType = sourcecode.swift; path = ProfileViewController.swift; sourceTree = "<group>"; };
		786FF93C2517C3F900F3DC6F /* AppCoordinator.swift */ = {isa = PBXFileReference; lastKnownFileType = sourcecode.swift; path = AppCoordinator.swift; sourceTree = "<group>"; };
		786FF9412517CCAC00F3DC6F /* Fonts.swift */ = {isa = PBXFileReference; lastKnownFileType = sourcecode.swift; path = Fonts.swift; sourceTree = "<group>"; };
		786FF9452517CEBA00F3DC6F /* SF-Pro-Display-Bold.otf */ = {isa = PBXFileReference; lastKnownFileType = file; path = "SF-Pro-Display-Bold.otf"; sourceTree = "<group>"; };
		786FF9472517CEE900F3DC6F /* SF-Pro-Text-Regular.otf */ = {isa = PBXFileReference; lastKnownFileType = file; path = "SF-Pro-Text-Regular.otf"; sourceTree = "<group>"; };
		786FF9492517D0AE00F3DC6F /* SF-Pro-Text-Semibold.otf */ = {isa = PBXFileReference; lastKnownFileType = file; path = "SF-Pro-Text-Semibold.otf"; sourceTree = "<group>"; };
		786FF94B2517D13100F3DC6F /* ProfileModel.swift */ = {isa = PBXFileReference; lastKnownFileType = sourcecode.swift; path = ProfileModel.swift; sourceTree = "<group>"; };
		786FF964251A792A00F3DC6F /* Command.swift */ = {isa = PBXFileReference; lastKnownFileType = sourcecode.swift; path = Command.swift; sourceTree = "<group>"; };
		786FF968251A79F000F3DC6F /* ProfilePresenter.swift */ = {isa = PBXFileReference; lastKnownFileType = sourcecode.swift; path = ProfilePresenter.swift; sourceTree = "<group>"; };
		786FF96B251A7FE600F3DC6F /* NSNotification+extension.swift */ = {isa = PBXFileReference; lastKnownFileType = sourcecode.swift; path = "NSNotification+extension.swift"; sourceTree = "<group>"; };
		786FF96D251A81EA00F3DC6F /* UserConfiguration.swift */ = {isa = PBXFileReference; lastKnownFileType = sourcecode.swift; path = UserConfiguration.swift; sourceTree = "<group>"; };
		786FF970251A899200F3DC6F /* ProfileTextVerification.swift */ = {isa = PBXFileReference; lastKnownFileType = sourcecode.swift; path = ProfileTextVerification.swift; sourceTree = "<group>"; };
		786FF975251BC80B00F3DC6F /* InitialsView.swift */ = {isa = PBXFileReference; lastKnownFileType = sourcecode.swift; path = InitialsView.swift; sourceTree = "<group>"; };
		787EEE78251BDA6E00CA6D0F /* ImageSource.swift */ = {isa = PBXFileReference; lastKnownFileType = sourcecode.swift; path = ImageSource.swift; sourceTree = "<group>"; };
		787EEE812520FB0900CA6D0F /* ConfigurableView.swift */ = {isa = PBXFileReference; lastKnownFileType = sourcecode.swift; path = ConfigurableView.swift; sourceTree = "<group>"; };
		787EEE842520FB8500CA6D0F /* ConversationList.storyboard */ = {isa = PBXFileReference; lastKnownFileType = file.storyboard; path = ConversationList.storyboard; sourceTree = "<group>"; };
		787EEE862520FB9300CA6D0F /* ConversationListViewController.swift */ = {isa = PBXFileReference; lastKnownFileType = sourcecode.swift; path = ConversationListViewController.swift; sourceTree = "<group>"; };
		787EEE892520FD4F00CA6D0F /* BaseViewController.swift */ = {isa = PBXFileReference; lastKnownFileType = sourcecode.swift; path = BaseViewController.swift; sourceTree = "<group>"; };
		787EEE8C2521000E00CA6D0F /* AvatarView.swift */ = {isa = PBXFileReference; lastKnownFileType = sourcecode.swift; path = AvatarView.swift; sourceTree = "<group>"; };
		787EEE8F25210A4000CA6D0F /* ConversationViewCell.swift */ = {isa = PBXFileReference; lastKnownFileType = sourcecode.swift; path = ConversationViewCell.swift; sourceTree = "<group>"; };
		787EEE9025210A4000CA6D0F /* ConversationViewCell.xib */ = {isa = PBXFileReference; lastKnownFileType = file.xib; path = ConversationViewCell.xib; sourceTree = "<group>"; };
		787EEE932521137B00CA6D0F /* DateConverter.swift */ = {isa = PBXFileReference; lastKnownFileType = sourcecode.swift; path = DateConverter.swift; sourceTree = "<group>"; };
		787EEE952521206C00CA6D0F /* ConversationListDataSource.swift */ = {isa = PBXFileReference; lastKnownFileType = sourcecode.swift; path = ConversationListDataSource.swift; sourceTree = "<group>"; };
		787EEE97252120A100CA6D0F /* ConversationsListModel.swift */ = {isa = PBXFileReference; lastKnownFileType = sourcecode.swift; path = ConversationsListModel.swift; sourceTree = "<group>"; };
		787EEE9A2522517C00CA6D0F /* ConversationViewController.swift */ = {isa = PBXFileReference; lastKnownFileType = sourcecode.swift; path = ConversationViewController.swift; sourceTree = "<group>"; };
		787EEE9C252253F100CA6D0F /* Conversation.storyboard */ = {isa = PBXFileReference; lastKnownFileType = file.storyboard; path = Conversation.storyboard; sourceTree = "<group>"; };
		787EEE9F2522572100CA6D0F /* MessageInputView.swift */ = {isa = PBXFileReference; lastKnownFileType = sourcecode.swift; path = MessageInputView.swift; sourceTree = "<group>"; };
		787EEEA12522573300CA6D0F /* MessageInputView.xib */ = {isa = PBXFileReference; lastKnownFileType = file.xib; path = MessageInputView.xib; sourceTree = "<group>"; };
		78DFB646250D4653006A6F3C /* SomeChat.app */ = {isa = PBXFileReference; explicitFileType = wrapper.application; includeInIndex = 0; path = SomeChat.app; sourceTree = BUILT_PRODUCTS_DIR; };
		78DFB649250D4653006A6F3C /* AppDelegate.swift */ = {isa = PBXFileReference; lastKnownFileType = sourcecode.swift; path = AppDelegate.swift; sourceTree = "<group>"; };
		78DFB650250D4653006A6F3C /* Base */ = {isa = PBXFileReference; lastKnownFileType = file.storyboard; name = Base; path = Base.lproj/Profile.storyboard; sourceTree = "<group>"; };
		78DFB652250D4657006A6F3C /* Assets.xcassets */ = {isa = PBXFileReference; lastKnownFileType = folder.assetcatalog; path = Assets.xcassets; sourceTree = "<group>"; };
		78DFB655250D4657006A6F3C /* Base */ = {isa = PBXFileReference; lastKnownFileType = file.storyboard; name = Base; path = Base.lproj/LaunchScreen.storyboard; sourceTree = "<group>"; };
		78DFB657250D4657006A6F3C /* Info.plist */ = {isa = PBXFileReference; lastKnownFileType = text.plist.xml; path = Info.plist; sourceTree = "<group>"; };
		78DFB65D250D4D87006A6F3C /* Logger.swift */ = {isa = PBXFileReference; lastKnownFileType = sourcecode.swift; path = Logger.swift; sourceTree = "<group>"; };
		78DFB660250D4F67006A6F3C /* EnvironmentVariables.swift */ = {isa = PBXFileReference; lastKnownFileType = sourcecode.swift; path = EnvironmentVariables.swift; sourceTree = "<group>"; };
		78F76E12252A21390064D0B7 /* ThemesViewController.swift */ = {isa = PBXFileReference; lastKnownFileType = sourcecode.swift; path = ThemesViewController.swift; sourceTree = "<group>"; };
		78F76E15252A286E0064D0B7 /* Colors.swift */ = {isa = PBXFileReference; lastKnownFileType = sourcecode.swift; path = Colors.swift; sourceTree = "<group>"; };
		78F76E19252A2F320064D0B7 /* ThemeView.swift */ = {isa = PBXFileReference; lastKnownFileType = sourcecode.swift; path = ThemeView.swift; sourceTree = "<group>"; };
		78F76E1E252A3C4D0064D0B7 /* BaseUIView.swift */ = {isa = PBXFileReference; lastKnownFileType = sourcecode.swift; path = BaseUIView.swift; sourceTree = "<group>"; };
		78F76E21252A3E6E0064D0B7 /* BaseTableViewCell.swift */ = {isa = PBXFileReference; lastKnownFileType = sourcecode.swift; path = BaseTableViewCell.swift; sourceTree = "<group>"; };
		78F76E25252A42D60064D0B7 /* AppContainer.swift */ = {isa = PBXFileReference; lastKnownFileType = sourcecode.swift; path = AppContainer.swift; sourceTree = "<group>"; };
		78F76E29252A46670064D0B7 /* ThemesPresenter.swift */ = {isa = PBXFileReference; lastKnownFileType = sourcecode.swift; path = ThemesPresenter.swift; sourceTree = "<group>"; };
		78F76E2C252A46800064D0B7 /* ThemesModel.swift */ = {isa = PBXFileReference; lastKnownFileType = sourcecode.swift; path = ThemesModel.swift; sourceTree = "<group>"; };
		78F76E33252A60190064D0B7 /* BaseNavigationController.swift */ = {isa = PBXFileReference; lastKnownFileType = sourcecode.swift; path = BaseNavigationController.swift; sourceTree = "<group>"; };
		78F76E36252B8BF70064D0B7 /* ColorThemesManager.swift */ = {isa = PBXFileReference; lastKnownFileType = sourcecode.swift; path = ColorThemesManager.swift; sourceTree = "<group>"; };
		78F76E3E252CEE890064D0B7 /* AlertController.swift */ = {isa = PBXFileReference; lastKnownFileType = sourcecode.swift; path = AlertController.swift; sourceTree = "<group>"; };
		78F76E3F252CEE890064D0B7 /* AlertController.xib */ = {isa = PBXFileReference; lastKnownFileType = file.xib; path = AlertController.xib; sourceTree = "<group>"; };
		78F76E45252CEEE30064D0B7 /* AlertTitleCell.swift */ = {isa = PBXFileReference; lastKnownFileType = sourcecode.swift; path = AlertTitleCell.swift; sourceTree = "<group>"; };
		78F76E46252CEEE30064D0B7 /* AlertTitleCell.xib */ = {isa = PBXFileReference; lastKnownFileType = file.xib; path = AlertTitleCell.xib; sourceTree = "<group>"; };
		78F76E51252CF0370064D0B7 /* AlertActionCell.swift */ = {isa = PBXFileReference; lastKnownFileType = sourcecode.swift; path = AlertActionCell.swift; sourceTree = "<group>"; };
		78F76E52252CF0370064D0B7 /* AlertActionCell.xib */ = {isa = PBXFileReference; lastKnownFileType = file.xib; path = AlertActionCell.xib; sourceTree = "<group>"; };
		78F76E56252CF14A0064D0B7 /* AlertCellModel.swift */ = {isa = PBXFileReference; lastKnownFileType = sourcecode.swift; path = AlertCellModel.swift; sourceTree = "<group>"; };
		78F76E5A252CF2500064D0B7 /* AlertCellProtocol.swift */ = {isa = PBXFileReference; lastKnownFileType = sourcecode.swift; path = AlertCellProtocol.swift; sourceTree = "<group>"; };
		78F76E5D252CF9290064D0B7 /* AlertPresentationController.swift */ = {isa = PBXFileReference; lastKnownFileType = sourcecode.swift; path = AlertPresentationController.swift; sourceTree = "<group>"; };
		78F76E61252CFC700064D0B7 /* AlertTransition.swift */ = {isa = PBXFileReference; lastKnownFileType = sourcecode.swift; path = AlertTransition.swift; sourceTree = "<group>"; };
		78F76E66252E391A0064D0B7 /* SearchViewCell.swift */ = {isa = PBXFileReference; lastKnownFileType = sourcecode.swift; path = SearchViewCell.swift; sourceTree = "<group>"; };
		78F76E67252E391A0064D0B7 /* SearchViewCell.xib */ = {isa = PBXFileReference; lastKnownFileType = file.xib; path = SearchViewCell.xib; sourceTree = "<group>"; };
		78F76E9025335CC30064D0B7 /* ProfileDataSourceProtocol.swift */ = {isa = PBXFileReference; lastKnownFileType = sourcecode.swift; path = ProfileDataSourceProtocol.swift; sourceTree = "<group>"; };
		78F76E9325335F9F0064D0B7 /* GCDProfileDataSource.swift */ = {isa = PBXFileReference; lastKnownFileType = sourcecode.swift; path = GCDProfileDataSource.swift; sourceTree = "<group>"; };
		78F76E962533604D0064D0B7 /* AppFileManager.swift */ = {isa = PBXFileReference; lastKnownFileType = sourcecode.swift; path = AppFileManager.swift; sourceTree = "<group>"; };
		78F76E992533643B0064D0B7 /* Error.swift */ = {isa = PBXFileReference; lastKnownFileType = sourcecode.swift; path = Error.swift; sourceTree = "<group>"; };
		78F76E9D253367930064D0B7 /* SaveDataOperation.swift */ = {isa = PBXFileReference; lastKnownFileType = sourcecode.swift; path = SaveDataOperation.swift; sourceTree = "<group>"; };
		78F76EA1253369220064D0B7 /* LoadDataOperation.swift */ = {isa = PBXFileReference; lastKnownFileType = sourcecode.swift; path = LoadDataOperation.swift; sourceTree = "<group>"; };
		78F76EA5253369810064D0B7 /* OperationProfileDataSource.swift */ = {isa = PBXFileReference; lastKnownFileType = sourcecode.swift; path = OperationProfileDataSource.swift; sourceTree = "<group>"; };
		78F76EAD25337C8A0064D0B7 /* ProfileCoordinator.swift */ = {isa = PBXFileReference; lastKnownFileType = sourcecode.swift; path = ProfileCoordinator.swift; sourceTree = "<group>"; };
/* End PBXFileReference section */

/* Begin PBXFrameworksBuildPhase section */
		78DFB643250D4653006A6F3C /* Frameworks */ = {
			isa = PBXFrameworksBuildPhase;
			buildActionMask = 2147483647;
			files = (
			);
			runOnlyForDeploymentPostprocessing = 0;
		};
/* End PBXFrameworksBuildPhase section */

/* Begin PBXGroup section */
		785D50582523C18A0041DFB2 /* Animation */ = {
			isa = PBXGroup;
			children = (
				785D50552523C1320041DFB2 /* ModalPresentationDriven.swift */,
				785D505A2523C1B70041DFB2 /* ModalPresentationDismissAnimation.swift */,
				785D505E2523C22E0041DFB2 /* ModalPresentationPresentAnimation.swift */,
			);
			path = Animation;
			sourceTree = "<group>";
		};
		785D50592523C1940041DFB2 /* ModalPresentation */ = {
			isa = PBXGroup;
			children = (
				785D50582523C18A0041DFB2 /* Animation */,
				785D50512523BF320041DFB2 /* ModalPresentationTransition.swift */,
				785D504E2523BDA20041DFB2 /* ModalPresentationController.swift */,
			);
			path = ModalPresentation;
			sourceTree = "<group>";
		};
		785D5082252A15CE0041DFB2 /* ThemesPicker */ = {
			isa = PBXGroup;
			children = (
				785D5083252A16100041DFB2 /* Themes.storyboard */,
				78F76E29252A46670064D0B7 /* ThemesPresenter.swift */,
				78F76E2C252A46800064D0B7 /* ThemesModel.swift */,
				78F76E12252A21390064D0B7 /* ThemesViewController.swift */,
				78F76E18252A2F270064D0B7 /* View */,
			);
			path = ThemesPicker;
			sourceTree = "<group>";
		};
		78676AFB25227097003BB917 /* Cell */ = {
			isa = PBXGroup;
			children = (
				78676AFD252270B8003BB917 /* MessageViewCell.swift */,
			);
			path = Cell;
			sourceTree = "<group>";
		};
		786FF93A2517C33000F3DC6F /* ProfileScreen */ = {
			isa = PBXGroup;
			children = (
				78DFB64F250D4653006A6F3C /* Profile.storyboard */,
				786FF9382517B96200F3DC6F /* ProfileViewController.swift */,
				786FF968251A79F000F3DC6F /* ProfilePresenter.swift */,
				78F76EAD25337C8A0064D0B7 /* ProfileCoordinator.swift */,
				786FF94B2517D13100F3DC6F /* ProfileModel.swift */,
				786FF970251A899200F3DC6F /* ProfileTextVerification.swift */,
			);
			path = ProfileScreen;
			sourceTree = "<group>";
		};
		786FF93B2517C34000F3DC6F /* UI */ = {
			isa = PBXGroup;
			children = (
				78DFB654250D4657006A6F3C /* LaunchScreen.storyboard */,
				78DFB649250D4653006A6F3C /* AppDelegate.swift */,
				787EEE882520FD3800CA6D0F /* CommonUI */,
				787EEE802520FAF200CA6D0F /* Protocols */,
				787EEE7F2520FAE600CA6D0F /* Screens */,
				786FF93C2517C3F900F3DC6F /* AppCoordinator.swift */,
				78F76E25252A42D60064D0B7 /* AppContainer.swift */,
			);
			path = UI;
			sourceTree = "<group>";
		};
		786FF93E2517CC8100F3DC6F /* Style */ = {
			isa = PBXGroup;
			children = (
				786FF9412517CCAC00F3DC6F /* Fonts.swift */,
				78F76E15252A286E0064D0B7 /* Colors.swift */,
			);
			path = Style;
			sourceTree = "<group>";
		};
		786FF9432517CE6E00F3DC6F /* Resources */ = {
			isa = PBXGroup;
			children = (
				78DFB652250D4657006A6F3C /* Assets.xcassets */,
				786FF9442517CE8000F3DC6F /* Fonts */,
			);
			path = Resources;
			sourceTree = "<group>";
		};
		786FF9442517CE8000F3DC6F /* Fonts */ = {
			isa = PBXGroup;
			children = (
				786FF9452517CEBA00F3DC6F /* SF-Pro-Display-Bold.otf */,
				786FF9472517CEE900F3DC6F /* SF-Pro-Text-Regular.otf */,
				786FF9492517D0AE00F3DC6F /* SF-Pro-Text-Semibold.otf */,
			);
			path = Fonts;
			sourceTree = "<group>";
		};
		786FF96A251A7FC600F3DC6F /* Extension */ = {
			isa = PBXGroup;
			children = (
				786FF96B251A7FE600F3DC6F /* NSNotification+extension.swift */,
			);
			path = Extension;
			sourceTree = "<group>";
		};
		787EEE7F2520FAE600CA6D0F /* Screens */ = {
			isa = PBXGroup;
			children = (
				785D5082252A15CE0041DFB2 /* ThemesPicker */,
				787EEE992522516200CA6D0F /* Conversation */,
				787EEE832520FB4C00CA6D0F /* ConversationList */,
				786FF93A2517C33000F3DC6F /* ProfileScreen */,
			);
			path = Screens;
			sourceTree = "<group>";
		};
		787EEE802520FAF200CA6D0F /* Protocols */ = {
			isa = PBXGroup;
			children = (
				787EEE812520FB0900CA6D0F /* ConfigurableView.swift */,
			);
			path = Protocols;
			sourceTree = "<group>";
		};
		787EEE832520FB4C00CA6D0F /* ConversationList */ = {
			isa = PBXGroup;
			children = (
				785D50442523A5310041DFB2 /* ConversationListPresenter.swift */,
				787EEE842520FB8500CA6D0F /* ConversationList.storyboard */,
				787EEE862520FB9300CA6D0F /* ConversationListViewController.swift */,
				787EEE97252120A100CA6D0F /* ConversationsListModel.swift */,
				787EEE952521206C00CA6D0F /* ConversationListDataSource.swift */,
				787EEE8E252109E700CA6D0F /* Cell */,
			);
			path = ConversationList;
			sourceTree = "<group>";
		};
		787EEE882520FD3800CA6D0F /* CommonUI */ = {
			isa = PBXGroup;
			children = (
				787EEE892520FD4F00CA6D0F /* BaseViewController.swift */,
				78F76E33252A60190064D0B7 /* BaseNavigationController.swift */,
				78F76E1E252A3C4D0064D0B7 /* BaseUIView.swift */,
				78F76E21252A3E6E0064D0B7 /* BaseTableViewCell.swift */,
				78F76E3D252CEE4B0064D0B7 /* Alert */,
				787EEE8B2520FFFF00CA6D0F /* Views */,
				785D50592523C1940041DFB2 /* ModalPresentation */,
			);
			path = CommonUI;
			sourceTree = "<group>";
		};
		787EEE8B2520FFFF00CA6D0F /* Views */ = {
			isa = PBXGroup;
			children = (
				786FF975251BC80B00F3DC6F /* InitialsView.swift */,
				787EEE8C2521000E00CA6D0F /* AvatarView.swift */,
			);
			path = Views;
			sourceTree = "<group>";
		};
		787EEE8E252109E700CA6D0F /* Cell */ = {
			isa = PBXGroup;
			children = (
				78F76E6B252E397D0064D0B7 /* Search */,
				78F76E6C252E39890064D0B7 /* Conversation */,
			);
			path = Cell;
			sourceTree = "<group>";
		};
		787EEE992522516200CA6D0F /* Conversation */ = {
			isa = PBXGroup;
			children = (
				785D50472523A7300041DFB2 /* ConversationPresenter.swift */,
				785D504B2523A7EC0041DFB2 /* ConversationDataSource.swift */,
				787EEE9A2522517C00CA6D0F /* ConversationViewController.swift */,
				787EEE9C252253F100CA6D0F /* Conversation.storyboard */,
				78676AFB25227097003BB917 /* Cell */,
				787EEE9E252256BE00CA6D0F /* Views */,
			);
			path = Conversation;
			sourceTree = "<group>";
		};
		787EEE9E252256BE00CA6D0F /* Views */ = {
			isa = PBXGroup;
			children = (
				787EEE9F2522572100CA6D0F /* MessageInputView.swift */,
				787EEEA12522573300CA6D0F /* MessageInputView.xib */,
			);
			path = Views;
			sourceTree = "<group>";
		};
		78DFB63D250D4653006A6F3C = {
			isa = PBXGroup;
			children = (
				78DFB648250D4653006A6F3C /* SomeChat */,
				78DFB647250D4653006A6F3C /* Products */,
			);
			sourceTree = "<group>";
		};
		78DFB647250D4653006A6F3C /* Products */ = {
			isa = PBXGroup;
			children = (
				78DFB646250D4653006A6F3C /* SomeChat.app */,
			);
			name = Products;
			sourceTree = "<group>";
		};
		78DFB648250D4653006A6F3C /* SomeChat */ = {
			isa = PBXGroup;
			children = (
				786FF93E2517CC8100F3DC6F /* Style */,
				786FF93B2517C34000F3DC6F /* UI */,
				786FF96A251A7FC600F3DC6F /* Extension */,
				78F76E8B25335C860064D0B7 /* Service */,
				78DFB65F250D4F4C006A6F3C /* Utilits */,
				786FF9432517CE6E00F3DC6F /* Resources */,
				78DFB657250D4657006A6F3C /* Info.plist */,
			);
			path = SomeChat;
			sourceTree = "<group>";
		};
		78DFB65F250D4F4C006A6F3C /* Utilits */ = {
			isa = PBXGroup;
			children = (
				78DFB65D250D4D87006A6F3C /* Logger.swift */,
				78F76E962533604D0064D0B7 /* AppFileManager.swift */,
				78DFB660250D4F67006A6F3C /* EnvironmentVariables.swift */,
				786FF964251A792A00F3DC6F /* Command.swift */,
				787EEE932521137B00CA6D0F /* DateConverter.swift */,
				78F76E992533643B0064D0B7 /* Error.swift */,
			);
			path = Utilits;
			sourceTree = "<group>";
		};
		78F76E18252A2F270064D0B7 /* View */ = {
			isa = PBXGroup;
			children = (
				78F76E19252A2F320064D0B7 /* ThemeView.swift */,
			);
			path = View;
			sourceTree = "<group>";
		};
		78F76E3D252CEE4B0064D0B7 /* Alert */ = {
			isa = PBXGroup;
			children = (
				78F76E3E252CEE890064D0B7 /* AlertController.swift */,
				78F76E5D252CF9290064D0B7 /* AlertPresentationController.swift */,
				78F76E61252CFC700064D0B7 /* AlertTransition.swift */,
				78F76E3F252CEE890064D0B7 /* AlertController.xib */,
				78F76E44252CEEBC0064D0B7 /* Cells */,
			);
			path = Alert;
			sourceTree = "<group>";
		};
		78F76E44252CEEBC0064D0B7 /* Cells */ = {
			isa = PBXGroup;
			children = (
				78F76E56252CF14A0064D0B7 /* AlertCellModel.swift */,
				78F76E5A252CF2500064D0B7 /* AlertCellProtocol.swift */,
				78F76E45252CEEE30064D0B7 /* AlertTitleCell.swift */,
				78F76E46252CEEE30064D0B7 /* AlertTitleCell.xib */,
				78F76E51252CF0370064D0B7 /* AlertActionCell.swift */,
				78F76E52252CF0370064D0B7 /* AlertActionCell.xib */,
			);
			path = Cells;
			sourceTree = "<group>";
		};
		78F76E6B252E397D0064D0B7 /* Search */ = {
			isa = PBXGroup;
			children = (
				78F76E66252E391A0064D0B7 /* SearchViewCell.swift */,
				78F76E67252E391A0064D0B7 /* SearchViewCell.xib */,
			);
			path = Search;
			sourceTree = "<group>";
		};
		78F76E6C252E39890064D0B7 /* Conversation */ = {
			isa = PBXGroup;
			children = (
				787EEE8F25210A4000CA6D0F /* ConversationViewCell.swift */,
				787EEE9025210A4000CA6D0F /* ConversationViewCell.xib */,
			);
			path = Conversation;
			sourceTree = "<group>";
		};
		78F76E8B25335C860064D0B7 /* Service */ = {
			isa = PBXGroup;
			children = (
				78F76E8F25335C9E0064D0B7 /* ProfileDataSource */,
				786FF96D251A81EA00F3DC6F /* UserConfiguration.swift */,
				78F76E36252B8BF70064D0B7 /* ColorThemesManager.swift */,
				787EEE78251BDA6E00CA6D0F /* ImageSource.swift */,
			);
			path = Service;
			sourceTree = "<group>";
		};
		78F76E8F25335C9E0064D0B7 /* ProfileDataSource */ = {
			isa = PBXGroup;
			children = (
				78F76E9025335CC30064D0B7 /* ProfileDataSourceProtocol.swift */,
				78F76E9325335F9F0064D0B7 /* GCDProfileDataSource.swift */,
				78F76EA5253369810064D0B7 /* OperationProfileDataSource.swift */,
				78F76E9C253367740064D0B7 /* Operations */,
			);
			path = ProfileDataSource;
			sourceTree = "<group>";
		};
		78F76E9C253367740064D0B7 /* Operations */ = {
			isa = PBXGroup;
			children = (
				78F76E9D253367930064D0B7 /* SaveDataOperation.swift */,
				78F76EA1253369220064D0B7 /* LoadDataOperation.swift */,
			);
			path = Operations;
			sourceTree = "<group>";
		};
/* End PBXGroup section */

/* Begin PBXNativeTarget section */
		78DFB645250D4653006A6F3C /* SomeChat */ = {
			isa = PBXNativeTarget;
			buildConfigurationList = 78DFB65A250D4657006A6F3C /* Build configuration list for PBXNativeTarget "SomeChat" */;
			buildPhases = (
				78DFB642250D4653006A6F3C /* Sources */,
				78DFB643250D4653006A6F3C /* Frameworks */,
				78DFB644250D4653006A6F3C /* Resources */,
				786FF9372517B7C900F3DC6F /* ShellScript */,
			);
			buildRules = (
			);
			dependencies = (
			);
			name = SomeChat;
			productName = SomeChat;
			productReference = 78DFB646250D4653006A6F3C /* SomeChat.app */;
			productType = "com.apple.product-type.application";
		};
/* End PBXNativeTarget section */

/* Begin PBXProject section */
		78DFB63E250D4653006A6F3C /* Project object */ = {
			isa = PBXProject;
			attributes = {
				LastSwiftUpdateCheck = 1160;
				LastUpgradeCheck = 1200;
				ORGANIZATIONNAME = "Алексей Махутин";
				TargetAttributes = {
					78DFB645250D4653006A6F3C = {
						CreatedOnToolsVersion = 11.6;
					};
				};
			};
			buildConfigurationList = 78DFB641250D4653006A6F3C /* Build configuration list for PBXProject "SomeChat" */;
			compatibilityVersion = "Xcode 9.3";
			developmentRegion = en;
			hasScannedForEncodings = 0;
			knownRegions = (
				en,
				Base,
			);
			mainGroup = 78DFB63D250D4653006A6F3C;
			productRefGroup = 78DFB647250D4653006A6F3C /* Products */;
			projectDirPath = "";
			projectRoot = "";
			targets = (
				78DFB645250D4653006A6F3C /* SomeChat */,
			);
		};
/* End PBXProject section */

/* Begin PBXResourcesBuildPhase section */
		78DFB644250D4653006A6F3C /* Resources */ = {
			isa = PBXResourcesBuildPhase;
			buildActionMask = 2147483647;
			files = (
				787EEE9D252253F100CA6D0F /* Conversation.storyboard in Resources */,
				786FF94A2517D0AF00F3DC6F /* SF-Pro-Text-Semibold.otf in Resources */,
				78DFB656250D4657006A6F3C /* LaunchScreen.storyboard in Resources */,
				786FF9482517CEE900F3DC6F /* SF-Pro-Text-Regular.otf in Resources */,
				78DFB653250D4657006A6F3C /* Assets.xcassets in Resources */,
				78F76E48252CEEE30064D0B7 /* AlertTitleCell.xib in Resources */,
				78F76E54252CF0370064D0B7 /* AlertActionCell.xib in Resources */,
				786FF9462517CEBA00F3DC6F /* SF-Pro-Display-Bold.otf in Resources */,
				785D5084252A16100041DFB2 /* Themes.storyboard in Resources */,
				787EEE852520FB8500CA6D0F /* ConversationList.storyboard in Resources */,
				78F76E69252E391A0064D0B7 /* SearchViewCell.xib in Resources */,
				78F76E41252CEE890064D0B7 /* AlertController.xib in Resources */,
				78DFB651250D4653006A6F3C /* Profile.storyboard in Resources */,
				787EEE9225210A4000CA6D0F /* ConversationViewCell.xib in Resources */,
				787EEEA22522573300CA6D0F /* MessageInputView.xib in Resources */,
			);
			runOnlyForDeploymentPostprocessing = 0;
		};
/* End PBXResourcesBuildPhase section */

/* Begin PBXShellScriptBuildPhase section */
		786FF9372517B7C900F3DC6F /* ShellScript */ = {
			isa = PBXShellScriptBuildPhase;
			buildActionMask = 2147483647;
			files = (
			);
			inputFileListPaths = (
			);
			inputPaths = (
			);
			outputFileListPaths = (
			);
			outputPaths = (
			);
			runOnlyForDeploymentPostprocessing = 0;
			shellPath = /bin/sh;
			shellScript = "if which swiftlint >/dev/null; then\n  swiftlint --config .swiftlint.yml\nelse\n  echo \"error: SwiftLint does not exist, download it from https://github.com/realm/SwiftLint\"\nfi\n";
		};
/* End PBXShellScriptBuildPhase section */

/* Begin PBXSourcesBuildPhase section */
		78DFB642250D4653006A6F3C /* Sources */ = {
			isa = PBXSourcesBuildPhase;
			buildActionMask = 2147483647;
			files = (
				78DFB65E250D4D87006A6F3C /* Logger.swift in Sources */,
				78F76E972533604D0064D0B7 /* AppFileManager.swift in Sources */,
				78F76E16252A286E0064D0B7 /* Colors.swift in Sources */,
				78F76E9A2533643B0064D0B7 /* Error.swift in Sources */,
				787EEE79251BDA6E00CA6D0F /* ImageSource.swift in Sources */,
				78F76E1A252A2F320064D0B7 /* ThemeView.swift in Sources */,
				787EEE9B2522517C00CA6D0F /* ConversationViewController.swift in Sources */,
				786FF976251BC80B00F3DC6F /* InitialsView.swift in Sources */,
				787EEE942521137B00CA6D0F /* DateConverter.swift in Sources */,
				787EEE9125210A4000CA6D0F /* ConversationViewCell.swift in Sources */,
				78F76E9125335CC30064D0B7 /* ProfileDataSourceProtocol.swift in Sources */,
				785D504F2523BDA20041DFB2 /* ModalPresentationController.swift in Sources */,
				78F76E2D252A46800064D0B7 /* ThemesModel.swift in Sources */,
				78F76EAE25337C8A0064D0B7 /* ProfileCoordinator.swift in Sources */,
				786FF94C2517D13100F3DC6F /* ProfileModel.swift in Sources */,
				786FF9392517B96200F3DC6F /* ProfileViewController.swift in Sources */,
				785D50562523C1320041DFB2 /* ModalPresentationDriven.swift in Sources */,
				78F76EA6253369810064D0B7 /* OperationProfileDataSource.swift in Sources */,
				78676AFE252270B8003BB917 /* MessageViewCell.swift in Sources */,
				786FF971251A899200F3DC6F /* ProfileTextVerification.swift in Sources */,
				78F76E47252CEEE30064D0B7 /* AlertTitleCell.swift in Sources */,
				78F76E2A252A46670064D0B7 /* ThemesPresenter.swift in Sources */,
				78F76EA2253369220064D0B7 /* LoadDataOperation.swift in Sources */,
				787EEE962521206C00CA6D0F /* ConversationListDataSource.swift in Sources */,
				786FF93D2517C3F900F3DC6F /* AppCoordinator.swift in Sources */,
				78DFB64A250D4653006A6F3C /* AppDelegate.swift in Sources */,
				78F76E26252A42D60064D0B7 /* AppContainer.swift in Sources */,
				787EEE8D2521000E00CA6D0F /* AvatarView.swift in Sources */,
				78F76E5E252CF9290064D0B7 /* AlertPresentationController.swift in Sources */,
				78F76E53252CF0370064D0B7 /* AlertActionCell.swift in Sources */,
				78F76E37252B8BF70064D0B7 /* ColorThemesManager.swift in Sources */,
				785D505F2523C22E0041DFB2 /* ModalPresentationPresentAnimation.swift in Sources */,
				786FF9422517CCAC00F3DC6F /* Fonts.swift in Sources */,
				78DFB661250D4F67006A6F3C /* EnvironmentVariables.swift in Sources */,
				78F76E68252E391A0064D0B7 /* SearchViewCell.swift in Sources */,
				785D505B2523C1B70041DFB2 /* ModalPresentationDismissAnimation.swift in Sources */,
				786FF96C251A7FE600F3DC6F /* NSNotification+extension.swift in Sources */,
				787EEE8A2520FD4F00CA6D0F /* BaseViewController.swift in Sources */,
				78F76E57252CF14A0064D0B7 /* AlertCellModel.swift in Sources */,
				787EEE98252120A100CA6D0F /* ConversationsListModel.swift in Sources */,
				785D50452523A5310041DFB2 /* ConversationListPresenter.swift in Sources */,
				786FF96E251A81EA00F3DC6F /* UserConfiguration.swift in Sources */,
				78F76E40252CEE890064D0B7 /* AlertController.swift in Sources */,
				785D504C2523A7EC0041DFB2 /* ConversationDataSource.swift in Sources */,
				785D50522523BF320041DFB2 /* ModalPresentationTransition.swift in Sources */,
				78F76E5B252CF2500064D0B7 /* AlertCellProtocol.swift in Sources */,
				787EEE822520FB0900CA6D0F /* ConfigurableView.swift in Sources */,
				78F76E9425335F9F0064D0B7 /* GCDProfileDataSource.swift in Sources */,
				78F76E1F252A3C4E0064D0B7 /* BaseUIView.swift in Sources */,
				78F76E62252CFC700064D0B7 /* AlertTransition.swift in Sources */,
				787EEEA02522572100CA6D0F /* MessageInputView.swift in Sources */,
				786FF969251A79F000F3DC6F /* ProfilePresenter.swift in Sources */,
				785D50482523A7300041DFB2 /* ConversationPresenter.swift in Sources */,
				787EEE872520FB9300CA6D0F /* ConversationListViewController.swift in Sources */,
				78F76E34252A60190064D0B7 /* BaseNavigationController.swift in Sources */,
				78F76E9E253367930064D0B7 /* SaveDataOperation.swift in Sources */,
				786FF965251A792A00F3DC6F /* Command.swift in Sources */,
				78F76E22252A3E6E0064D0B7 /* BaseTableViewCell.swift in Sources */,
				78F76E13252A21390064D0B7 /* ThemesViewController.swift in Sources */,
			);
			runOnlyForDeploymentPostprocessing = 0;
		};
/* End PBXSourcesBuildPhase section */

/* Begin PBXVariantGroup section */
		78DFB64F250D4653006A6F3C /* Profile.storyboard */ = {
			isa = PBXVariantGroup;
			children = (
				78DFB650250D4653006A6F3C /* Base */,
			);
			name = Profile.storyboard;
			sourceTree = "<group>";
		};
		78DFB654250D4657006A6F3C /* LaunchScreen.storyboard */ = {
			isa = PBXVariantGroup;
			children = (
				78DFB655250D4657006A6F3C /* Base */,
			);
			name = LaunchScreen.storyboard;
			sourceTree = "<group>";
		};
/* End PBXVariantGroup section */

/* Begin XCBuildConfiguration section */
		78DFB658250D4657006A6F3C /* Debug */ = {
			isa = XCBuildConfiguration;
			buildSettings = {
				ALWAYS_SEARCH_USER_PATHS = NO;
				CLANG_ANALYZER_NONNULL = YES;
				CLANG_ANALYZER_NUMBER_OBJECT_CONVERSION = YES_AGGRESSIVE;
				CLANG_CXX_LANGUAGE_STANDARD = "gnu++14";
				CLANG_CXX_LIBRARY = "libc++";
				CLANG_ENABLE_MODULES = YES;
				CLANG_ENABLE_OBJC_ARC = YES;
				CLANG_ENABLE_OBJC_WEAK = YES;
				CLANG_WARN_BLOCK_CAPTURE_AUTORELEASING = YES;
				CLANG_WARN_BOOL_CONVERSION = YES;
				CLANG_WARN_COMMA = YES;
				CLANG_WARN_CONSTANT_CONVERSION = YES;
				CLANG_WARN_DEPRECATED_OBJC_IMPLEMENTATIONS = YES;
				CLANG_WARN_DIRECT_OBJC_ISA_USAGE = YES_ERROR;
				CLANG_WARN_DOCUMENTATION_COMMENTS = YES;
				CLANG_WARN_EMPTY_BODY = YES;
				CLANG_WARN_ENUM_CONVERSION = YES;
				CLANG_WARN_INFINITE_RECURSION = YES;
				CLANG_WARN_INT_CONVERSION = YES;
				CLANG_WARN_NON_LITERAL_NULL_CONVERSION = YES;
				CLANG_WARN_OBJC_IMPLICIT_RETAIN_SELF = YES;
				CLANG_WARN_OBJC_LITERAL_CONVERSION = YES;
				CLANG_WARN_OBJC_ROOT_CLASS = YES_ERROR;
				CLANG_WARN_QUOTED_INCLUDE_IN_FRAMEWORK_HEADER = YES;
				CLANG_WARN_RANGE_LOOP_ANALYSIS = YES;
				CLANG_WARN_STRICT_PROTOTYPES = YES;
				CLANG_WARN_SUSPICIOUS_MOVE = YES;
				CLANG_WARN_UNGUARDED_AVAILABILITY = YES_AGGRESSIVE;
				CLANG_WARN_UNREACHABLE_CODE = YES;
				CLANG_WARN__DUPLICATE_METHOD_MATCH = YES;
				COPY_PHASE_STRIP = NO;
				DEBUG_INFORMATION_FORMAT = dwarf;
				ENABLE_STRICT_OBJC_MSGSEND = YES;
				ENABLE_TESTABILITY = YES;
				GCC_C_LANGUAGE_STANDARD = gnu11;
				GCC_DYNAMIC_NO_PIC = NO;
				GCC_NO_COMMON_BLOCKS = YES;
				GCC_OPTIMIZATION_LEVEL = 0;
				GCC_PREPROCESSOR_DEFINITIONS = (
					"DEBUG=1",
					"$(inherited)",
				);
				GCC_WARN_64_TO_32_BIT_CONVERSION = YES;
				GCC_WARN_ABOUT_RETURN_TYPE = YES_ERROR;
				GCC_WARN_UNDECLARED_SELECTOR = YES;
				GCC_WARN_UNINITIALIZED_AUTOS = YES_AGGRESSIVE;
				GCC_WARN_UNUSED_FUNCTION = YES;
				GCC_WARN_UNUSED_VARIABLE = YES;
				IPHONEOS_DEPLOYMENT_TARGET = 12;
				MTL_ENABLE_DEBUG_INFO = INCLUDE_SOURCE;
				MTL_FAST_MATH = YES;
				ONLY_ACTIVE_ARCH = YES;
				SDKROOT = iphoneos;
				SWIFT_ACTIVE_COMPILATION_CONDITIONS = DEBUG;
				SWIFT_OPTIMIZATION_LEVEL = "-Onone";
			};
			name = Debug;
		};
		78DFB659250D4657006A6F3C /* Release */ = {
			isa = XCBuildConfiguration;
			buildSettings = {
				ALWAYS_SEARCH_USER_PATHS = NO;
				CLANG_ANALYZER_NONNULL = YES;
				CLANG_ANALYZER_NUMBER_OBJECT_CONVERSION = YES_AGGRESSIVE;
				CLANG_CXX_LANGUAGE_STANDARD = "gnu++14";
				CLANG_CXX_LIBRARY = "libc++";
				CLANG_ENABLE_MODULES = YES;
				CLANG_ENABLE_OBJC_ARC = YES;
				CLANG_ENABLE_OBJC_WEAK = YES;
				CLANG_WARN_BLOCK_CAPTURE_AUTORELEASING = YES;
				CLANG_WARN_BOOL_CONVERSION = YES;
				CLANG_WARN_COMMA = YES;
				CLANG_WARN_CONSTANT_CONVERSION = YES;
				CLANG_WARN_DEPRECATED_OBJC_IMPLEMENTATIONS = YES;
				CLANG_WARN_DIRECT_OBJC_ISA_USAGE = YES_ERROR;
				CLANG_WARN_DOCUMENTATION_COMMENTS = YES;
				CLANG_WARN_EMPTY_BODY = YES;
				CLANG_WARN_ENUM_CONVERSION = YES;
				CLANG_WARN_INFINITE_RECURSION = YES;
				CLANG_WARN_INT_CONVERSION = YES;
				CLANG_WARN_NON_LITERAL_NULL_CONVERSION = YES;
				CLANG_WARN_OBJC_IMPLICIT_RETAIN_SELF = YES;
				CLANG_WARN_OBJC_LITERAL_CONVERSION = YES;
				CLANG_WARN_OBJC_ROOT_CLASS = YES_ERROR;
				CLANG_WARN_QUOTED_INCLUDE_IN_FRAMEWORK_HEADER = YES;
				CLANG_WARN_RANGE_LOOP_ANALYSIS = YES;
				CLANG_WARN_STRICT_PROTOTYPES = YES;
				CLANG_WARN_SUSPICIOUS_MOVE = YES;
				CLANG_WARN_UNGUARDED_AVAILABILITY = YES_AGGRESSIVE;
				CLANG_WARN_UNREACHABLE_CODE = YES;
				CLANG_WARN__DUPLICATE_METHOD_MATCH = YES;
				COPY_PHASE_STRIP = NO;
				DEBUG_INFORMATION_FORMAT = "dwarf-with-dsym";
				ENABLE_NS_ASSERTIONS = NO;
				ENABLE_STRICT_OBJC_MSGSEND = YES;
				GCC_C_LANGUAGE_STANDARD = gnu11;
				GCC_NO_COMMON_BLOCKS = YES;
				GCC_WARN_64_TO_32_BIT_CONVERSION = YES;
				GCC_WARN_ABOUT_RETURN_TYPE = YES_ERROR;
				GCC_WARN_UNDECLARED_SELECTOR = YES;
				GCC_WARN_UNINITIALIZED_AUTOS = YES_AGGRESSIVE;
				GCC_WARN_UNUSED_FUNCTION = YES;
				GCC_WARN_UNUSED_VARIABLE = YES;
				IPHONEOS_DEPLOYMENT_TARGET = 12;
				MTL_ENABLE_DEBUG_INFO = NO;
				MTL_FAST_MATH = YES;
				SDKROOT = iphoneos;
				SWIFT_COMPILATION_MODE = wholemodule;
				SWIFT_OPTIMIZATION_LEVEL = "-O";
				VALIDATE_PRODUCT = YES;
			};
			name = Release;
		};
		78DFB65B250D4657006A6F3C /* Debug */ = {
			isa = XCBuildConfiguration;
			buildSettings = {
				ASSETCATALOG_COMPILER_APPICON_NAME = AppIcon;
				CODE_SIGN_STYLE = Automatic;
				DEVELOPMENT_TEAM = MZTVVF39C7;
				INFOPLIST_FILE = SomeChat/Info.plist;
				IPHONEOS_DEPLOYMENT_TARGET = 12.0;
				LD_RUNPATH_SEARCH_PATHS = (
					"$(inherited)",
					"@executable_path/Frameworks",
				);
				PRODUCT_BUNDLE_IDENTIFIER = com.mahutin.SomeChat;
				PRODUCT_NAME = "$(TARGET_NAME)";
				SWIFT_VERSION = 5.0;
				TARGETED_DEVICE_FAMILY = 1;
				TVOS_DEPLOYMENT_TARGET = 12.0;
			};
			name = Debug;
		};
		78DFB65C250D4657006A6F3C /* Release */ = {
			isa = XCBuildConfiguration;
			buildSettings = {
				ASSETCATALOG_COMPILER_APPICON_NAME = AppIcon;
				CODE_SIGN_STYLE = Automatic;
				DEVELOPMENT_TEAM = MZTVVF39C7;
				INFOPLIST_FILE = SomeChat/Info.plist;
				IPHONEOS_DEPLOYMENT_TARGET = 12.0;
				LD_RUNPATH_SEARCH_PATHS = (
					"$(inherited)",
					"@executable_path/Frameworks",
				);
				PRODUCT_BUNDLE_IDENTIFIER = com.mahutin.SomeChat;
				PRODUCT_NAME = "$(TARGET_NAME)";
				SWIFT_VERSION = 5.0;
				TARGETED_DEVICE_FAMILY = 1;
				TVOS_DEPLOYMENT_TARGET = 12.0;
			};
			name = Release;
		};
/* End XCBuildConfiguration section */

/* Begin XCConfigurationList section */
		78DFB641250D4653006A6F3C /* Build configuration list for PBXProject "SomeChat" */ = {
			isa = XCConfigurationList;
			buildConfigurations = (
				78DFB658250D4657006A6F3C /* Debug */,
				78DFB659250D4657006A6F3C /* Release */,
			);
			defaultConfigurationIsVisible = 0;
			defaultConfigurationName = Release;
		};
		78DFB65A250D4657006A6F3C /* Build configuration list for PBXNativeTarget "SomeChat" */ = {
			isa = XCConfigurationList;
			buildConfigurations = (
				78DFB65B250D4657006A6F3C /* Debug */,
				78DFB65C250D4657006A6F3C /* Release */,
			);
			defaultConfigurationIsVisible = 0;
			defaultConfigurationName = Release;
		};
/* End XCConfigurationList section */
	};
	rootObject = 78DFB63E250D4653006A6F3C /* Project object */;
}
